// !$*UTF8*$!
{
	archiveVersion = 1;
	classes = {
	};
	objectVersion = 46;
	objects = {

/* Begin PBXBuildFile section */
		EAADBD631B39D4FA0037BC6E /* AppDelegate.swift in Sources */ = {isa = PBXBuildFile; fileRef = EAADBD621B39D4FA0037BC6E /* AppDelegate.swift */; };
		EAADBD661B39D4FA0037BC6E /* Maps_Demo2.xcdatamodeld in Sources */ = {isa = PBXBuildFile; fileRef = EAADBD641B39D4FA0037BC6E /* Maps_Demo2.xcdatamodeld */; };
		EAADBD681B39D4FA0037BC6E /* ViewController.swift in Sources */ = {isa = PBXBuildFile; fileRef = EAADBD671B39D4FA0037BC6E /* ViewController.swift */; };
		EAADBD6B1B39D4FA0037BC6E /* Main.storyboard in Resources */ = {isa = PBXBuildFile; fileRef = EAADBD691B39D4FA0037BC6E /* Main.storyboard */; };
		EAADBD6D1B39D4FA0037BC6E /* Images.xcassets in Resources */ = {isa = PBXBuildFile; fileRef = EAADBD6C1B39D4FA0037BC6E /* Images.xcassets */; };
		EAADBD701B39D4FA0037BC6E /* LaunchScreen.xib in Resources */ = {isa = PBXBuildFile; fileRef = EAADBD6E1B39D4FA0037BC6E /* LaunchScreen.xib */; };
		EAADBD7C1B39D4FA0037BC6E /* Maps_Demo2Tests.swift in Sources */ = {isa = PBXBuildFile; fileRef = EAADBD7B1B39D4FA0037BC6E /* Maps_Demo2Tests.swift */; };
		EAD792CC1B3F06F8000EE6FA /* CoreLocation.framework in Frameworks */ = {isa = PBXBuildFile; fileRef = EAD792CB1B3F06F8000EE6FA /* CoreLocation.framework */; };
/* End PBXBuildFile section */

/* Begin PBXContainerItemProxy section */
		EAADBD761B39D4FA0037BC6E /* PBXContainerItemProxy */ = {
			isa = PBXContainerItemProxy;
			containerPortal = EAADBD551B39D4FA0037BC6E /* Project object */;
			proxyType = 1;
			remoteGlobalIDString = EAADBD5C1B39D4FA0037BC6E;
			remoteInfo = "Maps Demo2";
		};
/* End PBXContainerItemProxy section */

/* Begin PBXFileReference section */
		EAADBD5D1B39D4FA0037BC6E /* Maps Demo2.app */ = {isa = PBXFileReference; explicitFileType = wrapper.application; includeInIndex = 0; path = "Maps Demo2.app"; sourceTree = BUILT_PRODUCTS_DIR; };
		EAADBD611B39D4FA0037BC6E /* Info.plist */ = {isa = PBXFileReference; lastKnownFileType = text.plist.xml; path = Info.plist; sourceTree = "<group>"; };
		EAADBD621B39D4FA0037BC6E /* AppDelegate.swift */ = {isa = PBXFileReference; lastKnownFileType = sourcecode.swift; path = AppDelegate.swift; sourceTree = "<group>"; };
		EAADBD651B39D4FA0037BC6E /* Maps_Demo2.xcdatamodel */ = {isa = PBXFileReference; lastKnownFileType = wrapper.xcdatamodel; path = Maps_Demo2.xcdatamodel; sourceTree = "<group>"; };
		EAADBD671B39D4FA0037BC6E /* ViewController.swift */ = {isa = PBXFileReference; lastKnownFileType = sourcecode.swift; path = ViewController.swift; sourceTree = "<group>"; };
		EAADBD6A1B39D4FA0037BC6E /* Base */ = {isa = PBXFileReference; lastKnownFileType = file.storyboard; name = Base; path = Base.lproj/Main.storyboard; sourceTree = "<group>"; };
		EAADBD6C1B39D4FA0037BC6E /* Images.xcassets */ = {isa = PBXFileReference; lastKnownFileType = folder.assetcatalog; path = Images.xcassets; sourceTree = "<group>"; };
		EAADBD6F1B39D4FA0037BC6E /* Base */ = {isa = PBXFileReference; lastKnownFileType = file.xib; name = Base; path = Base.lproj/LaunchScreen.xib; sourceTree = "<group>"; };
		EAADBD751B39D4FA0037BC6E /* Maps Demo2Tests.xctest */ = {isa = PBXFileReference; explicitFileType = wrapper.cfbundle; includeInIndex = 0; path = "Maps Demo2Tests.xctest"; sourceTree = BUILT_PRODUCTS_DIR; };
		EAADBD7A1B39D4FA0037BC6E /* Info.plist */ = {isa = PBXFileReference; lastKnownFileType = text.plist.xml; path = Info.plist; sourceTree = "<group>"; };
		EAADBD7B1B39D4FA0037BC6E /* Maps_Demo2Tests.swift */ = {isa = PBXFileReference; lastKnownFileType = sourcecode.swift; path = Maps_Demo2Tests.swift; sourceTree = "<group>"; };
		EAD792CB1B3F06F8000EE6FA /* CoreLocation.framework */ = {isa = PBXFileReference; lastKnownFileType = wrapper.framework; name = CoreLocation.framework; path = System/Library/Frameworks/CoreLocation.framework; sourceTree = SDKROOT; };
/* End PBXFileReference section */

/* Begin PBXFrameworksBuildPhase section */
		EAADBD5A1B39D4FA0037BC6E /* Frameworks */ = {
			isa = PBXFrameworksBuildPhase;
			buildActionMask = 2147483647;
			files = (
				EAD792CC1B3F06F8000EE6FA /* CoreLocation.framework in Frameworks */,
			);
			runOnlyForDeploymentPostprocessing = 0;
		};
		EAADBD721B39D4FA0037BC6E /* Frameworks */ = {
			isa = PBXFrameworksBuildPhase;
			buildActionMask = 2147483647;
			files = (
			);
			runOnlyForDeploymentPostprocessing = 0;
		};
/* End PBXFrameworksBuildPhase section */

/* Begin PBXGroup section */
		EAADBD541B39D4FA0037BC6E = {
			isa = PBXGroup;
			children = (
				EAD792CB1B3F06F8000EE6FA /* CoreLocation.framework */,
				EAADBD5F1B39D4FA0037BC6E /* Maps Demo2 */,
				EAADBD781B39D4FA0037BC6E /* Maps Demo2Tests */,
				EAADBD5E1B39D4FA0037BC6E /* Products */,
			);
			sourceTree = "<group>";
		};
		EAADBD5E1B39D4FA0037BC6E /* Products */ = {
			isa = PBXGroup;
			children = (
				EAADBD5D1B39D4FA0037BC6E /* Maps Demo2.app */,
				EAADBD751B39D4FA0037BC6E /* Maps Demo2Tests.xctest */,
			);
			name = Products;
			sourceTree = "<group>";
		};
		EAADBD5F1B39D4FA0037BC6E /* Maps Demo2 */ = {
			isa = PBXGroup;
			children = (
				EAADBD621B39D4FA0037BC6E /* AppDelegate.swift */,
				EAADBD671B39D4FA0037BC6E /* ViewController.swift */,
				EAADBD691B39D4FA0037BC6E /* Main.storyboard */,
				EAADBD6C1B39D4FA0037BC6E /* Images.xcassets */,
				EAADBD6E1B39D4FA0037BC6E /* LaunchScreen.xib */,
				EAADBD641B39D4FA0037BC6E /* Maps_Demo2.xcdatamodeld */,
				EAADBD601B39D4FA0037BC6E /* Supporting Files */,
			);
			path = "Maps Demo2";
			sourceTree = "<group>";
		};
		EAADBD601B39D4FA0037BC6E /* Supporting Files */ = {
			isa = PBXGroup;
			children = (
				EAADBD611B39D4FA0037BC6E /* Info.plist */,
			);
			name = "Supporting Files";
			sourceTree = "<group>";
		};
		EAADBD781B39D4FA0037BC6E /* Maps Demo2Tests */ = {
			isa = PBXGroup;
			children = (
				EAADBD7B1B39D4FA0037BC6E /* Maps_Demo2Tests.swift */,
				EAADBD791B39D4FA0037BC6E /* Supporting Files */,
			);
			path = "Maps Demo2Tests";
			sourceTree = "<group>";
		};
		EAADBD791B39D4FA0037BC6E /* Supporting Files */ = {
			isa = PBXGroup;
			children = (
				EAADBD7A1B39D4FA0037BC6E /* Info.plist */,
			);
			name = "Supporting Files";
			sourceTree = "<group>";
		};
/* End PBXGroup section */

/* Begin PBXNativeTarget section */
		EAADBD5C1B39D4FA0037BC6E /* Maps Demo2 */ = {
			isa = PBXNativeTarget;
			buildConfigurationList = EAADBD7F1B39D4FA0037BC6E /* Build configuration list for PBXNativeTarget "Maps Demo2" */;
			buildPhases = (
				EAADBD591B39D4FA0037BC6E /* Sources */,
				EAADBD5A1B39D4FA0037BC6E /* Frameworks */,
				EAADBD5B1B39D4FA0037BC6E /* Resources */,
			);
			buildRules = (
			);
			dependencies = (
			);
			name = "Maps Demo2";
			productName = "Maps Demo2";
			productReference = EAADBD5D1B39D4FA0037BC6E /* Maps Demo2.app */;
			productType = "com.apple.product-type.application";
		};
		EAADBD741B39D4FA0037BC6E /* Maps Demo2Tests */ = {
			isa = PBXNativeTarget;
			buildConfigurationList = EAADBD821B39D4FA0037BC6E /* Build configuration list for PBXNativeTarget "Maps Demo2Tests" */;
			buildPhases = (
				EAADBD711B39D4FA0037BC6E /* Sources */,
				EAADBD721B39D4FA0037BC6E /* Frameworks */,
				EAADBD731B39D4FA0037BC6E /* Resources */,
			);
			buildRules = (
			);
			dependencies = (
				EAADBD771B39D4FA0037BC6E /* PBXTargetDependency */,
			);
			name = "Maps Demo2Tests";
			productName = "Maps Demo2Tests";
			productReference = EAADBD751B39D4FA0037BC6E /* Maps Demo2Tests.xctest */;
			productType = "com.apple.product-type.bundle.unit-test";
		};
/* End PBXNativeTarget section */

/* Begin PBXProject section */
		EAADBD551B39D4FA0037BC6E /* Project object */ = {
			isa = PBXProject;
			attributes = {
				LastUpgradeCheck = 0630;
				ORGANIZATIONNAME = "Ramiro Andres";
				TargetAttributes = {
					EAADBD5C1B39D4FA0037BC6E = {
						CreatedOnToolsVersion = 6.3.2;
					};
					EAADBD741B39D4FA0037BC6E = {
						CreatedOnToolsVersion = 6.3.2;
						TestTargetID = EAADBD5C1B39D4FA0037BC6E;
					};
				};
			};
			buildConfigurationList = EAADBD581B39D4FA0037BC6E /* Build configuration list for PBXProject "Maps Demo2" */;
			compatibilityVersion = "Xcode 3.2";
			developmentRegion = English;
			hasScannedForEncodings = 0;
			knownRegions = (
				en,
				Base,
			);
			mainGroup = EAADBD541B39D4FA0037BC6E;
			productRefGroup = EAADBD5E1B39D4FA0037BC6E /* Products */;
			projectDirPath = "";
			projectRoot = "";
			targets = (
				EAADBD5C1B39D4FA0037BC6E /* Maps Demo2 */,
				EAADBD741B39D4FA0037BC6E /* Maps Demo2Tests */,
			);
		};
/* End PBXProject section */

/* Begin PBXResourcesBuildPhase section */
		EAADBD5B1B39D4FA0037BC6E /* Resources */ = {
			isa = PBXResourcesBuildPhase;
			buildActionMask = 2147483647;
			files = (
				EAADBD6B1B39D4FA0037BC6E /* Main.storyboard in Resources */,
				EAADBD701B39D4FA0037BC6E /* LaunchScreen.xib in Resources */,
				EAADBD6D1B39D4FA0037BC6E /* Images.xcassets in Resources */,
			);
			runOnlyForDeploymentPostprocessing = 0;
		};
		EAADBD731B39D4FA0037BC6E /* Resources */ = {
			isa = PBXResourcesBuildPhase;
			buildActionMask = 2147483647;
			files = (
			);
			runOnlyForDeploymentPostprocessing = 0;
		};
/* End PBXResourcesBuildPhase section */

/* Begin PBXSourcesBuildPhase section */
		EAADBD591B39D4FA0037BC6E /* Sources */ = {
			isa = PBXSourcesBuildPhase;
			buildActionMask = 2147483647;
			files = (
				EAADBD681B39D4FA0037BC6E /* ViewController.swift in Sources */,
				EAADBD661B39D4FA0037BC6E /* Maps_Demo2.xcdatamodeld in Sources */,
				EAADBD631B39D4FA0037BC6E /* AppDelegate.swift in Sources */,
			);
			runOnlyForDeploymentPostprocessing = 0;
		};
		EAADBD711B39D4FA0037BC6E /* Sources */ = {
			isa = PBXSourcesBuildPhase;
			buildActionMask = 2147483647;
			files = (
				EAADBD7C1B39D4FA0037BC6E /* Maps_Demo2Tests.swift in Sources */,
			);
			runOnlyForDeploymentPostprocessing = 0;
		};
/* End PBXSourcesBuildPhase section */

/* Begin PBXTargetDependency section */
		EAADBD771B39D4FA0037BC6E /* PBXTargetDependency */ = {
			isa = PBXTargetDependency;
			target = EAADBD5C1B39D4FA0037BC6E /* Maps Demo2 */;
			targetProxy = EAADBD761B39D4FA0037BC6E /* PBXContainerItemProxy */;
		};
/* End PBXTargetDependency section */

/* Begin PBXVariantGroup section */
		EAADBD691B39D4FA0037BC6E /* Main.storyboard */ = {
			isa = PBXVariantGroup;
			children = (
				EAADBD6A1B39D4FA0037BC6E /* Base */,
			);
			name = Main.storyboard;
			sourceTree = "<group>";
		};
		EAADBD6E1B39D4FA0037BC6E /* LaunchScreen.xib */ = {
			isa = PBXVariantGroup;
			children = (
				EAADBD6F1B39D4FA0037BC6E /* Base */,
			);
			name = LaunchScreen.xib;
			sourceTree = "<group>";
		};
/* End PBXVariantGroup section */

/* Begin XCBuildConfiguration section */
		EAADBD7D1B39D4FA0037BC6E /* Debug */ = {
			isa = XCBuildConfiguration;
			buildSettings = {
				ALWAYS_SEARCH_USER_PATHS = NO;
				CLANG_CXX_LANGUAGE_STANDARD = "gnu++0x";
				CLANG_CXX_LIBRARY = "libc++";
				CLANG_ENABLE_MODULES = YES;
				CLANG_ENABLE_OBJC_ARC = YES;
				CLANG_WARN_BOOL_CONVERSION = YES;
				CLANG_WARN_CONSTANT_CONVERSION = YES;
				CLANG_WARN_DIRECT_OBJC_ISA_USAGE = YES_ERROR;
				CLANG_WARN_EMPTY_BODY = YES;
				CLANG_WARN_ENUM_CONVERSION = YES;
				CLANG_WARN_INT_CONVERSION = YES;
				CLANG_WARN_OBJC_ROOT_CLASS = YES_ERROR;
				CLANG_WARN_UNREACHABLE_CODE = YES;
				CLANG_WARN__DUPLICATE_METHOD_MATCH = YES;
				"CODE_SIGN_IDENTITY[sdk=iphoneos*]" = "iPhone Developer";
				COPY_PHASE_STRIP = NO;
				DEBUG_INFORMATION_FORMAT = "dwarf-with-dsym";
				ENABLE_STRICT_OBJC_MSGSEND = YES;
				GCC_C_LANGUAGE_STANDARD = gnu99;
				GCC_DYNAMIC_NO_PIC = NO;
				GCC_NO_COMMON_BLOCKS = YES;
				GCC_OPTIMIZATION_LEVEL = 0;
				GCC_PREPROCESSOR_DEFINITIONS = (
					"DEBUG=1",
					"$(inherited)",
				);
				GCC_SYMBOLS_PRIVATE_EXTERN = NO;
				GCC_WARN_64_TO_32_BIT_CONVERSION = YES;
				GCC_WARN_ABOUT_RETURN_TYPE = YES_ERROR;
				GCC_WARN_UNDECLARED_SELECTOR = YES;
				GCC_WARN_UNINITIALIZED_AUTOS = YES_AGGRESSIVE;
				GCC_WARN_UNUSED_FUNCTION = YES;
				GCC_WARN_UNUSED_VARIABLE = YES;
				IPHONEOS_DEPLOYMENT_TARGET = 8.3;
				MTL_ENABLE_DEBUG_INFO = YES;
				ONLY_ACTIVE_ARCH = YES;
				SDKROOT = iphoneos;
				SWIFT_OPTIMIZATION_LEVEL = "-Onone";
				TARGETED_DEVICE_FAMILY = "1,2";
			};
			name = Debug;
		};
		EAADBD7E1B39D4FA0037BC6E /* Release */ = {
			isa = XCBuildConfiguration;
			buildSettings = {
				ALWAYS_SEARCH_USER_PATHS = NO;
				CLANG_CXX_LANGUAGE_STANDARD = "gnu++0x";
				CLANG_CXX_LIBRARY = "libc++";
				CLANG_ENABLE_MODULES = YES;
				CLANG_ENABLE_OBJC_ARC = YES;
				CLANG_WARN_BOOL_CONVERSION = YES;
				CLANG_WARN_CONSTANT_CONVERSION = YES;
				CLANG_WARN_DIRECT_OBJC_ISA_USAGE = YES_ERROR;
				CLANG_WARN_EMPTY_BODY = YES;
				CLANG_WARN_ENUM_CONVERSION = YES;
				CLANG_WARN_INT_CONVERSION = YES;
				CLANG_WARN_OBJC_ROOT_CLASS = YES_ERROR;
				CLANG_WARN_UNREACHABLE_CODE = YES;
				CLANG_WARN__DUPLICATE_METHOD_MATCH = YES;
				"CODE_SIGN_IDENTITY[sdk=iphoneos*]" = "iPhone Developer";
				COPY_PHASE_STRIP = NO;
				DEBUG_INFORMATION_FORMAT = "dwarf-with-dsym";
				ENABLE_NS_ASSERTIONS = NO;
				ENABLE_STRICT_OBJC_MSGSEND = YES;
				GCC_C_LANGUAGE_STANDARD = gnu99;
				GCC_NO_COMMON_BLOCKS = YES;
				GCC_WARN_64_TO_32_BIT_CONVERSION = YES;
				GCC_WARN_ABOUT_RETURN_TYPE = YES_ERROR;
				GCC_WARN_UNDECLARED_SELECTOR = YES;
				GCC_WARN_UNINITIALIZED_AUTOS = YES_AGGRESSIVE;
				GCC_WARN_UNUSED_FUNCTION = YES;
				GCC_WARN_UNUSED_VARIABLE = YES;
				IPHONEOS_DEPLOYMENT_TARGET = 8.3;
				MTL_ENABLE_DEBUG_INFO = NO;
				SDKROOT = iphoneos;
				TARGETED_DEVICE_FAMILY = "1,2";
				VALIDATE_PRODUCT = YES;
			};
			name = Release;
		};
		EAADBD801B39D4FA0037BC6E /* Debug */ = {
			isa = XCBuildConfiguration;
			buildSettings = {
				ASSETCATALOG_COMPILER_APPICON_NAME = AppIcon;
				INFOPLIST_FILE = "Maps Demo2/Info.plist";
				LD_RUNPATH_SEARCH_PATHS = "$(inherited) @executable_path/Frameworks";
				PRODUCT_NAME = "$(TARGET_NAME)";
			};
			name = Debug;
		};
		EAADBD811B39D4FA0037BC6E /* Release */ = {
			isa = XCBuildConfiguration;
			buildSettings = {
				ASSETCATALOG_COMPILER_APPICON_NAME = AppIcon;
				INFOPLIST_FILE = "Maps Demo2/Info.plist";
				LD_RUNPATH_SEARCH_PATHS = "$(inherited) @executable_path/Frameworks";
				PRODUCT_NAME = "$(TARGET_NAME)";
			};
			name = Release;
		};
		EAADBD831B39D4FA0037BC6E /* Debug */ = {
			isa = XCBuildConfiguration;
			buildSettings = {
				BUNDLE_LOADER = "$(TEST_HOST)";
				FRAMEWORK_SEARCH_PATHS = (
					"$(SDKROOT)/Developer/Library/Frameworks",
					"$(inherited)",
				);
				GCC_PREPROCESSOR_DEFINITIONS = (
					"DEBUG=1",
					"$(inherited)",
				);
				INFOPLIST_FILE = "Maps Demo2Tests/Info.plist";
				LD_RUNPATH_SEARCH_PATHS = "$(inherited) @executable_path/Frameworks @loader_path/Frameworks";
				PRODUCT_NAME = "$(TARGET_NAME)";
				TEST_HOST = "$(BUILT_PRODUCTS_DIR)/Maps Demo2.app/Maps Demo2";
			};
			name = Debug;
		};
		EAADBD841B39D4FA0037BC6E /* Release */ = {
			isa = XCBuildConfiguration;
			buildSettings = {
				BUNDLE_LOADER = "$(TEST_HOST)";
				FRAMEWORK_SEARCH_PATHS = (
					"$(SDKROOT)/Developer/Library/Frameworks",
					"$(inherited)",
				);
				INFOPLIST_FILE = "Maps Demo2Tests/Info.plist";
				LD_RUNPATH_SEARCH_PATHS = "$(inherited) @executable_path/Frameworks @loader_path/Frameworks";
				PRODUCT_NAME = "$(TARGET_NAME)";
				TEST_HOST = "$(BUILT_PRODUCTS_DIR)/Maps Demo2.app/Maps Demo2";
			};
			name = Release;
		};
/* End XCBuildConfiguration section */

/* Begin XCConfigurationList section */
		EAADBD581B39D4FA0037BC6E /* Build configuration list for PBXProject "Maps Demo2" */ = {
			isa = XCConfigurationList;
			buildConfigurations = (
				EAADBD7D1B39D4FA0037BC6E /* Debug */,
				EAADBD7E1B39D4FA0037BC6E /* Release */,
			);
			defaultConfigurationIsVisible = 0;
			defaultConfigurationName = Release;
		};
		EAADBD7F1B39D4FA0037BC6E /* Build configuration list for PBXNativeTarget "Maps Demo2" */ = {
			isa = XCConfigurationList;
			buildConfigurations = (
				EAADBD801B39D4FA0037BC6E /* Debug */,
				EAADBD811B39D4FA0037BC6E /* Release */,
			);
			defaultConfigurationIsVisible = 0;
			defaultConfigurationName = Release;
		};
		EAADBD821B39D4FA0037BC6E /* Build configuration list for PBXNativeTarget "Maps Demo2Tests" */ = {
			isa = XCConfigurationList;
			buildConfigurations = (
				EAADBD831B39D4FA0037BC6E /* Debug */,
				EAADBD841B39D4FA0037BC6E /* Release */,
			);
			defaultConfigurationIsVisible = 0;
			defaultConfigurationName = Release;
		};
/* End XCConfigurationList section */

/* Begin XCVersionGroup section */
		EAADBD641B39D4FA0037BC6E /* Maps_Demo2.xcdatamodeld */ = {
			isa = XCVersionGroup;
			children = (
				EAADBD651B39D4FA0037BC6E /* Maps_Demo2.xcdatamodel */,
			);
			currentVersion = EAADBD651B39D4FA0037BC6E /* Maps_Demo2.xcdatamodel */;
			path = Maps_Demo2.xcdatamodeld;
			sourceTree = "<group>";
			versionGroupType = wrapper.xcdatamodel;
		};
/* End XCVersionGroup section */
	};
	rootObject = EAADBD551B39D4FA0037BC6E /* Project object */;
}
