// !$*UTF8*$!
{
	archiveVersion = 1;
	classes = {
	};
	objectVersion = 46;
	objects = {

/* Begin PBXBuildFile section */
		EAF04CCF1AD600FE0080BC56 /* AppDelegate.swift in Sources */ = {isa = PBXBuildFile; fileRef = EAF04CCE1AD600FE0080BC56 /* AppDelegate.swift */; };
		EAF04CD21AD600FE0080BC56 /* Times_Table.xcdatamodeld in Sources */ = {isa = PBXBuildFile; fileRef = EAF04CD01AD600FE0080BC56 /* Times_Table.xcdatamodeld */; };
		EAF04CD41AD600FE0080BC56 /* ViewController.swift in Sources */ = {isa = PBXBuildFile; fileRef = EAF04CD31AD600FE0080BC56 /* ViewController.swift */; };
		EAF04CD71AD600FE0080BC56 /* Main.storyboard in Resources */ = {isa = PBXBuildFile; fileRef = EAF04CD51AD600FE0080BC56 /* Main.storyboard */; };
		EAF04CD91AD600FE0080BC56 /* Images.xcassets in Resources */ = {isa = PBXBuildFile; fileRef = EAF04CD81AD600FE0080BC56 /* Images.xcassets */; };
		EAF04CDC1AD600FE0080BC56 /* LaunchScreen.xib in Resources */ = {isa = PBXBuildFile; fileRef = EAF04CDA1AD600FE0080BC56 /* LaunchScreen.xib */; };
		EAF04CE81AD600FE0080BC56 /* Times_TableTests.swift in Sources */ = {isa = PBXBuildFile; fileRef = EAF04CE71AD600FE0080BC56 /* Times_TableTests.swift */; };
/* End PBXBuildFile section */

/* Begin PBXContainerItemProxy section */
		EAF04CE21AD600FE0080BC56 /* PBXContainerItemProxy */ = {
			isa = PBXContainerItemProxy;
			containerPortal = EAF04CC11AD600FE0080BC56 /* Project object */;
			proxyType = 1;
			remoteGlobalIDString = EAF04CC81AD600FE0080BC56;
			remoteInfo = "Times Table";
		};
/* End PBXContainerItemProxy section */

/* Begin PBXFileReference section */
		EAF04CC91AD600FE0080BC56 /* Times Table.app */ = {isa = PBXFileReference; explicitFileType = wrapper.application; includeInIndex = 0; path = "Times Table.app"; sourceTree = BUILT_PRODUCTS_DIR; };
		EAF04CCD1AD600FE0080BC56 /* Info.plist */ = {isa = PBXFileReference; lastKnownFileType = text.plist.xml; path = Info.plist; sourceTree = "<group>"; };
		EAF04CCE1AD600FE0080BC56 /* AppDelegate.swift */ = {isa = PBXFileReference; lastKnownFileType = sourcecode.swift; path = AppDelegate.swift; sourceTree = "<group>"; };
		EAF04CD11AD600FE0080BC56 /* Times_Table.xcdatamodel */ = {isa = PBXFileReference; lastKnownFileType = wrapper.xcdatamodel; path = Times_Table.xcdatamodel; sourceTree = "<group>"; };
		EAF04CD31AD600FE0080BC56 /* ViewController.swift */ = {isa = PBXFileReference; lastKnownFileType = sourcecode.swift; path = ViewController.swift; sourceTree = "<group>"; };
		EAF04CD61AD600FE0080BC56 /* Base */ = {isa = PBXFileReference; lastKnownFileType = file.storyboard; name = Base; path = Base.lproj/Main.storyboard; sourceTree = "<group>"; };
		EAF04CD81AD600FE0080BC56 /* Images.xcassets */ = {isa = PBXFileReference; lastKnownFileType = folder.assetcatalog; path = Images.xcassets; sourceTree = "<group>"; };
		EAF04CDB1AD600FE0080BC56 /* Base */ = {isa = PBXFileReference; lastKnownFileType = file.xib; name = Base; path = Base.lproj/LaunchScreen.xib; sourceTree = "<group>"; };
		EAF04CE11AD600FE0080BC56 /* Times TableTests.xctest */ = {isa = PBXFileReference; explicitFileType = wrapper.cfbundle; includeInIndex = 0; path = "Times TableTests.xctest"; sourceTree = BUILT_PRODUCTS_DIR; };
		EAF04CE61AD600FE0080BC56 /* Info.plist */ = {isa = PBXFileReference; lastKnownFileType = text.plist.xml; path = Info.plist; sourceTree = "<group>"; };
		EAF04CE71AD600FE0080BC56 /* Times_TableTests.swift */ = {isa = PBXFileReference; lastKnownFileType = sourcecode.swift; path = Times_TableTests.swift; sourceTree = "<group>"; };
/* End PBXFileReference section */

/* Begin PBXFrameworksBuildPhase section */
		EAF04CC61AD600FE0080BC56 /* Frameworks */ = {
			isa = PBXFrameworksBuildPhase;
			buildActionMask = 2147483647;
			files = (
			);
			runOnlyForDeploymentPostprocessing = 0;
		};
		EAF04CDE1AD600FE0080BC56 /* Frameworks */ = {
			isa = PBXFrameworksBuildPhase;
			buildActionMask = 2147483647;
			files = (
			);
			runOnlyForDeploymentPostprocessing = 0;
		};
/* End PBXFrameworksBuildPhase section */

/* Begin PBXGroup section */
		EAF04CC01AD600FE0080BC56 = {
			isa = PBXGroup;
			children = (
				EAF04CCB1AD600FE0080BC56 /* Times Table */,
				EAF04CE41AD600FE0080BC56 /* Times TableTests */,
				EAF04CCA1AD600FE0080BC56 /* Products */,
			);
			sourceTree = "<group>";
		};
		EAF04CCA1AD600FE0080BC56 /* Products */ = {
			isa = PBXGroup;
			children = (
				EAF04CC91AD600FE0080BC56 /* Times Table.app */,
				EAF04CE11AD600FE0080BC56 /* Times TableTests.xctest */,
			);
			name = Products;
			sourceTree = "<group>";
		};
		EAF04CCB1AD600FE0080BC56 /* Times Table */ = {
			isa = PBXGroup;
			children = (
				EAF04CCE1AD600FE0080BC56 /* AppDelegate.swift */,
				EAF04CD31AD600FE0080BC56 /* ViewController.swift */,
				EAF04CD51AD600FE0080BC56 /* Main.storyboard */,
				EAF04CD81AD600FE0080BC56 /* Images.xcassets */,
				EAF04CDA1AD600FE0080BC56 /* LaunchScreen.xib */,
				EAF04CD01AD600FE0080BC56 /* Times_Table.xcdatamodeld */,
				EAF04CCC1AD600FE0080BC56 /* Supporting Files */,
			);
			path = "Times Table";
			sourceTree = "<group>";
		};
		EAF04CCC1AD600FE0080BC56 /* Supporting Files */ = {
			isa = PBXGroup;
			children = (
				EAF04CCD1AD600FE0080BC56 /* Info.plist */,
			);
			name = "Supporting Files";
			sourceTree = "<group>";
		};
		EAF04CE41AD600FE0080BC56 /* Times TableTests */ = {
			isa = PBXGroup;
			children = (
				EAF04CE71AD600FE0080BC56 /* Times_TableTests.swift */,
				EAF04CE51AD600FE0080BC56 /* Supporting Files */,
			);
			path = "Times TableTests";
			sourceTree = "<group>";
		};
		EAF04CE51AD600FE0080BC56 /* Supporting Files */ = {
			isa = PBXGroup;
			children = (
				EAF04CE61AD600FE0080BC56 /* Info.plist */,
			);
			name = "Supporting Files";
			sourceTree = "<group>";
		};
/* End PBXGroup section */

/* Begin PBXNativeTarget section */
		EAF04CC81AD600FE0080BC56 /* Times Table */ = {
			isa = PBXNativeTarget;
			buildConfigurationList = EAF04CEB1AD600FE0080BC56 /* Build configuration list for PBXNativeTarget "Times Table" */;
			buildPhases = (
				EAF04CC51AD600FE0080BC56 /* Sources */,
				EAF04CC61AD600FE0080BC56 /* Frameworks */,
				EAF04CC71AD600FE0080BC56 /* Resources */,
			);
			buildRules = (
			);
			dependencies = (
			);
			name = "Times Table";
			productName = "Times Table";
			productReference = EAF04CC91AD600FE0080BC56 /* Times Table.app */;
			productType = "com.apple.product-type.application";
		};
		EAF04CE01AD600FE0080BC56 /* Times TableTests */ = {
			isa = PBXNativeTarget;
			buildConfigurationList = EAF04CEE1AD600FE0080BC56 /* Build configuration list for PBXNativeTarget "Times TableTests" */;
			buildPhases = (
				EAF04CDD1AD600FE0080BC56 /* Sources */,
				EAF04CDE1AD600FE0080BC56 /* Frameworks */,
				EAF04CDF1AD600FE0080BC56 /* Resources */,
			);
			buildRules = (
			);
			dependencies = (
				EAF04CE31AD600FE0080BC56 /* PBXTargetDependency */,
			);
			name = "Times TableTests";
			productName = "Times TableTests";
			productReference = EAF04CE11AD600FE0080BC56 /* Times TableTests.xctest */;
			productType = "com.apple.product-type.bundle.unit-test";
		};
/* End PBXNativeTarget section */

/* Begin PBXProject section */
		EAF04CC11AD600FE0080BC56 /* Project object */ = {
			isa = PBXProject;
			attributes = {
				LastUpgradeCheck = 0620;
				ORGANIZATIONNAME = "Ramiro Andres";
				TargetAttributes = {
					EAF04CC81AD600FE0080BC56 = {
						CreatedOnToolsVersion = 6.2;
					};
					EAF04CE01AD600FE0080BC56 = {
						CreatedOnToolsVersion = 6.2;
						TestTargetID = EAF04CC81AD600FE0080BC56;
					};
				};
			};
			buildConfigurationList = EAF04CC41AD600FE0080BC56 /* Build configuration list for PBXProject "Times Table" */;
			compatibilityVersion = "Xcode 3.2";
			developmentRegion = English;
			hasScannedForEncodings = 0;
			knownRegions = (
				en,
				Base,
			);
			mainGroup = EAF04CC01AD600FE0080BC56;
			productRefGroup = EAF04CCA1AD600FE0080BC56 /* Products */;
			projectDirPath = "";
			projectRoot = "";
			targets = (
				EAF04CC81AD600FE0080BC56 /* Times Table */,
				EAF04CE01AD600FE0080BC56 /* Times TableTests */,
			);
		};
/* End PBXProject section */

/* Begin PBXResourcesBuildPhase section */
		EAF04CC71AD600FE0080BC56 /* Resources */ = {
			isa = PBXResourcesBuildPhase;
			buildActionMask = 2147483647;
			files = (
				EAF04CD71AD600FE0080BC56 /* Main.storyboard in Resources */,
				EAF04CDC1AD600FE0080BC56 /* LaunchScreen.xib in Resources */,
				EAF04CD91AD600FE0080BC56 /* Images.xcassets in Resources */,
			);
			runOnlyForDeploymentPostprocessing = 0;
		};
		EAF04CDF1AD600FE0080BC56 /* Resources */ = {
			isa = PBXResourcesBuildPhase;
			buildActionMask = 2147483647;
			files = (
			);
			runOnlyForDeploymentPostprocessing = 0;
		};
/* End PBXResourcesBuildPhase section */

/* Begin PBXSourcesBuildPhase section */
		EAF04CC51AD600FE0080BC56 /* Sources */ = {
			isa = PBXSourcesBuildPhase;
			buildActionMask = 2147483647;
			files = (
				EAF04CD41AD600FE0080BC56 /* ViewController.swift in Sources */,
				EAF04CCF1AD600FE0080BC56 /* AppDelegate.swift in Sources */,
				EAF04CD21AD600FE0080BC56 /* Times_Table.xcdatamodeld in Sources */,
			);
			runOnlyForDeploymentPostprocessing = 0;
		};
		EAF04CDD1AD600FE0080BC56 /* Sources */ = {
			isa = PBXSourcesBuildPhase;
			buildActionMask = 2147483647;
			files = (
				EAF04CE81AD600FE0080BC56 /* Times_TableTests.swift in Sources */,
			);
			runOnlyForDeploymentPostprocessing = 0;
		};
/* End PBXSourcesBuildPhase section */

/* Begin PBXTargetDependency section */
		EAF04CE31AD600FE0080BC56 /* PBXTargetDependency */ = {
			isa = PBXTargetDependency;
			target = EAF04CC81AD600FE0080BC56 /* Times Table */;
			targetProxy = EAF04CE21AD600FE0080BC56 /* PBXContainerItemProxy */;
		};
/* End PBXTargetDependency section */

/* Begin PBXVariantGroup section */
		EAF04CD51AD600FE0080BC56 /* Main.storyboard */ = {
			isa = PBXVariantGroup;
			children = (
				EAF04CD61AD600FE0080BC56 /* Base */,
			);
			name = Main.storyboard;
			sourceTree = "<group>";
		};
		EAF04CDA1AD600FE0080BC56 /* LaunchScreen.xib */ = {
			isa = PBXVariantGroup;
			children = (
				EAF04CDB1AD600FE0080BC56 /* Base */,
			);
			name = LaunchScreen.xib;
			sourceTree = "<group>";
		};
/* End PBXVariantGroup section */

/* Begin XCBuildConfiguration section */
		EAF04CE91AD600FE0080BC56 /* Debug */ = {
			isa = XCBuildConfiguration;
			buildSettings = {
				ALWAYS_SEARCH_USER_PATHS = NO;
				CLANG_CXX_LANGUAGE_STANDARD = "gnu++0x";
				CLANG_CXX_LIBRARY = "libc++";
				CLANG_ENABLE_MODULES = YES;
				CLANG_ENABLE_OBJC_ARC = YES;
				CLANG_WARN_BOOL_CONVERSION = YES;
				CLANG_WARN_CONSTANT_CONVERSION = YES;
				CLANG_WARN_DIRECT_OBJC_ISA_USAGE = YES_ERROR;
				CLANG_WARN_EMPTY_BODY = YES;
				CLANG_WARN_ENUM_CONVERSION = YES;
				CLANG_WARN_INT_CONVERSION = YES;
				CLANG_WARN_OBJC_ROOT_CLASS = YES_ERROR;
				CLANG_WARN_UNREACHABLE_CODE = YES;
				CLANG_WARN__DUPLICATE_METHOD_MATCH = YES;
				"CODE_SIGN_IDENTITY[sdk=iphoneos*]" = "iPhone Developer";
				COPY_PHASE_STRIP = NO;
				ENABLE_STRICT_OBJC_MSGSEND = YES;
				GCC_C_LANGUAGE_STANDARD = gnu99;
				GCC_DYNAMIC_NO_PIC = NO;
				GCC_OPTIMIZATION_LEVEL = 0;
				GCC_PREPROCESSOR_DEFINITIONS = (
					"DEBUG=1",
					"$(inherited)",
				);
				GCC_SYMBOLS_PRIVATE_EXTERN = NO;
				GCC_WARN_64_TO_32_BIT_CONVERSION = YES;
				GCC_WARN_ABOUT_RETURN_TYPE = YES_ERROR;
				GCC_WARN_UNDECLARED_SELECTOR = YES;
				GCC_WARN_UNINITIALIZED_AUTOS = YES_AGGRESSIVE;
				GCC_WARN_UNUSED_FUNCTION = YES;
				GCC_WARN_UNUSED_VARIABLE = YES;
				IPHONEOS_DEPLOYMENT_TARGET = 8.2;
				MTL_ENABLE_DEBUG_INFO = YES;
				ONLY_ACTIVE_ARCH = YES;
				SDKROOT = iphoneos;
				SWIFT_OPTIMIZATION_LEVEL = "-Onone";
			};
			name = Debug;
		};
		EAF04CEA1AD600FE0080BC56 /* Release */ = {
			isa = XCBuildConfiguration;
			buildSettings = {
				ALWAYS_SEARCH_USER_PATHS = NO;
				CLANG_CXX_LANGUAGE_STANDARD = "gnu++0x";
				CLANG_CXX_LIBRARY = "libc++";
				CLANG_ENABLE_MODULES = YES;
				CLANG_ENABLE_OBJC_ARC = YES;
				CLANG_WARN_BOOL_CONVERSION = YES;
				CLANG_WARN_CONSTANT_CONVERSION = YES;
				CLANG_WARN_DIRECT_OBJC_ISA_USAGE = YES_ERROR;
				CLANG_WARN_EMPTY_BODY = YES;
				CLANG_WARN_ENUM_CONVERSION = YES;
				CLANG_WARN_INT_CONVERSION = YES;
				CLANG_WARN_OBJC_ROOT_CLASS = YES_ERROR;
				CLANG_WARN_UNREACHABLE_CODE = YES;
				CLANG_WARN__DUPLICATE_METHOD_MATCH = YES;
				"CODE_SIGN_IDENTITY[sdk=iphoneos*]" = "iPhone Developer";
				COPY_PHASE_STRIP = NO;
				ENABLE_NS_ASSERTIONS = NO;
				ENABLE_STRICT_OBJC_MSGSEND = YES;
				GCC_C_LANGUAGE_STANDARD = gnu99;
				GCC_WARN_64_TO_32_BIT_CONVERSION = YES;
				GCC_WARN_ABOUT_RETURN_TYPE = YES_ERROR;
				GCC_WARN_UNDECLARED_SELECTOR = YES;
				GCC_WARN_UNINITIALIZED_AUTOS = YES_AGGRESSIVE;
				GCC_WARN_UNUSED_FUNCTION = YES;
				GCC_WARN_UNUSED_VARIABLE = YES;
				IPHONEOS_DEPLOYMENT_TARGET = 8.2;
				MTL_ENABLE_DEBUG_INFO = NO;
				SDKROOT = iphoneos;
				VALIDATE_PRODUCT = YES;
			};
			name = Release;
		};
		EAF04CEC1AD600FE0080BC56 /* Debug */ = {
			isa = XCBuildConfiguration;
			buildSettings = {
				ASSETCATALOG_COMPILER_APPICON_NAME = AppIcon;
				INFOPLIST_FILE = "Times Table/Info.plist";
				LD_RUNPATH_SEARCH_PATHS = "$(inherited) @executable_path/Frameworks";
				PRODUCT_NAME = "$(TARGET_NAME)";
			};
			name = Debug;
		};
		EAF04CED1AD600FE0080BC56 /* Release */ = {
			isa = XCBuildConfiguration;
			buildSettings = {
				ASSETCATALOG_COMPILER_APPICON_NAME = AppIcon;
				INFOPLIST_FILE = "Times Table/Info.plist";
				LD_RUNPATH_SEARCH_PATHS = "$(inherited) @executable_path/Frameworks";
				PRODUCT_NAME = "$(TARGET_NAME)";
			};
			name = Release;
		};
		EAF04CEF1AD600FE0080BC56 /* Debug */ = {
			isa = XCBuildConfiguration;
			buildSettings = {
				BUNDLE_LOADER = "$(TEST_HOST)";
				FRAMEWORK_SEARCH_PATHS = (
					"$(SDKROOT)/Developer/Library/Frameworks",
					"$(inherited)",
				);
				GCC_PREPROCESSOR_DEFINITIONS = (
					"DEBUG=1",
					"$(inherited)",
				);
				INFOPLIST_FILE = "Times TableTests/Info.plist";
				LD_RUNPATH_SEARCH_PATHS = "$(inherited) @executable_path/Frameworks @loader_path/Frameworks";
				PRODUCT_NAME = "$(TARGET_NAME)";
				TEST_HOST = "$(BUILT_PRODUCTS_DIR)/Times Table.app/Times Table";
			};
			name = Debug;
		};
		EAF04CF01AD600FE0080BC56 /* Release */ = {
			isa = XCBuildConfiguration;
			buildSettings = {
				BUNDLE_LOADER = "$(TEST_HOST)";
				FRAMEWORK_SEARCH_PATHS = (
					"$(SDKROOT)/Developer/Library/Frameworks",
					"$(inherited)",
				);
				INFOPLIST_FILE = "Times TableTests/Info.plist";
				LD_RUNPATH_SEARCH_PATHS = "$(inherited) @executable_path/Frameworks @loader_path/Frameworks";
				PRODUCT_NAME = "$(TARGET_NAME)";
				TEST_HOST = "$(BUILT_PRODUCTS_DIR)/Times Table.app/Times Table";
			};
			name = Release;
		};
/* End XCBuildConfiguration section */

/* Begin XCConfigurationList section */
		EAF04CC41AD600FE0080BC56 /* Build configuration list for PBXProject "Times Table" */ = {
			isa = XCConfigurationList;
			buildConfigurations = (
				EAF04CE91AD600FE0080BC56 /* Debug */,
				EAF04CEA1AD600FE0080BC56 /* Release */,
			);
			defaultConfigurationIsVisible = 0;
			defaultConfigurationName = Release;
		};
		EAF04CEB1AD600FE0080BC56 /* Build configuration list for PBXNativeTarget "Times Table" */ = {
			isa = XCConfigurationList;
			buildConfigurations = (
				EAF04CEC1AD600FE0080BC56 /* Debug */,
				EAF04CED1AD600FE0080BC56 /* Release */,
			);
			defaultConfigurationIsVisible = 0;
		};
		EAF04CEE1AD600FE0080BC56 /* Build configuration list for PBXNativeTarget "Times TableTests" */ = {
			isa = XCConfigurationList;
			buildConfigurations = (
				EAF04CEF1AD600FE0080BC56 /* Debug */,
				EAF04CF01AD600FE0080BC56 /* Release */,
			);
			defaultConfigurationIsVisible = 0;
		};
/* End XCConfigurationList section */

/* Begin XCVersionGroup section */
		EAF04CD01AD600FE0080BC56 /* Times_Table.xcdatamodeld */ = {
			isa = XCVersionGroup;
			children = (
				EAF04CD11AD600FE0080BC56 /* Times_Table.xcdatamodel */,
			);
			currentVersion = EAF04CD11AD600FE0080BC56 /* Times_Table.xcdatamodel */;
			path = Times_Table.xcdatamodeld;
			sourceTree = "<group>";
			versionGroupType = wrapper.xcdatamodel;
		};
/* End XCVersionGroup section */
	};
	rootObject = EAF04CC11AD600FE0080BC56 /* Project object */;
}
