// !$*UTF8*$!
{
	archiveVersion = 1;
	classes = {
	};
	objectVersion = 46;
	objects = {

/* Begin PBXBuildFile section */
		EAB3F1B91B02790B00EAD742 /* AppDelegate.swift in Sources */ = {isa = PBXBuildFile; fileRef = EAB3F1B81B02790B00EAD742 /* AppDelegate.swift */; };
		EAB3F1BC1B02790B00EAD742 /* Triki.xcdatamodeld in Sources */ = {isa = PBXBuildFile; fileRef = EAB3F1BA1B02790B00EAD742 /* Triki.xcdatamodeld */; };
		EAB3F1BE1B02790B00EAD742 /* ViewController.swift in Sources */ = {isa = PBXBuildFile; fileRef = EAB3F1BD1B02790B00EAD742 /* ViewController.swift */; };
		EAB3F1C11B02790B00EAD742 /* Main.storyboard in Resources */ = {isa = PBXBuildFile; fileRef = EAB3F1BF1B02790B00EAD742 /* Main.storyboard */; };
		EAB3F1C31B02790B00EAD742 /* Images.xcassets in Resources */ = {isa = PBXBuildFile; fileRef = EAB3F1C21B02790B00EAD742 /* Images.xcassets */; };
		EAB3F1C61B02790B00EAD742 /* LaunchScreen.xib in Resources */ = {isa = PBXBuildFile; fileRef = EAB3F1C41B02790B00EAD742 /* LaunchScreen.xib */; };
		EAB3F1D21B02790B00EAD742 /* TrikiTests.swift in Sources */ = {isa = PBXBuildFile; fileRef = EAB3F1D11B02790B00EAD742 /* TrikiTests.swift */; };
/* End PBXBuildFile section */

/* Begin PBXContainerItemProxy section */
		EAB3F1CC1B02790B00EAD742 /* PBXContainerItemProxy */ = {
			isa = PBXContainerItemProxy;
			containerPortal = EAB3F1AB1B02790B00EAD742 /* Project object */;
			proxyType = 1;
			remoteGlobalIDString = EAB3F1B21B02790B00EAD742;
			remoteInfo = Triki;
		};
/* End PBXContainerItemProxy section */

/* Begin PBXFileReference section */
		EAB3F1B31B02790B00EAD742 /* Triki.app */ = {isa = PBXFileReference; explicitFileType = wrapper.application; includeInIndex = 0; path = Triki.app; sourceTree = BUILT_PRODUCTS_DIR; };
		EAB3F1B71B02790B00EAD742 /* Info.plist */ = {isa = PBXFileReference; lastKnownFileType = text.plist.xml; path = Info.plist; sourceTree = "<group>"; };
		EAB3F1B81B02790B00EAD742 /* AppDelegate.swift */ = {isa = PBXFileReference; lastKnownFileType = sourcecode.swift; path = AppDelegate.swift; sourceTree = "<group>"; };
		EAB3F1BB1B02790B00EAD742 /* Triki.xcdatamodel */ = {isa = PBXFileReference; lastKnownFileType = wrapper.xcdatamodel; path = Triki.xcdatamodel; sourceTree = "<group>"; };
		EAB3F1BD1B02790B00EAD742 /* ViewController.swift */ = {isa = PBXFileReference; lastKnownFileType = sourcecode.swift; path = ViewController.swift; sourceTree = "<group>"; };
		EAB3F1C01B02790B00EAD742 /* Base */ = {isa = PBXFileReference; lastKnownFileType = file.storyboard; name = Base; path = Base.lproj/Main.storyboard; sourceTree = "<group>"; };
		EAB3F1C21B02790B00EAD742 /* Images.xcassets */ = {isa = PBXFileReference; lastKnownFileType = folder.assetcatalog; path = Images.xcassets; sourceTree = "<group>"; };
		EAB3F1C51B02790B00EAD742 /* Base */ = {isa = PBXFileReference; lastKnownFileType = file.xib; name = Base; path = Base.lproj/LaunchScreen.xib; sourceTree = "<group>"; };
		EAB3F1CB1B02790B00EAD742 /* TrikiTests.xctest */ = {isa = PBXFileReference; explicitFileType = wrapper.cfbundle; includeInIndex = 0; path = TrikiTests.xctest; sourceTree = BUILT_PRODUCTS_DIR; };
		EAB3F1D01B02790B00EAD742 /* Info.plist */ = {isa = PBXFileReference; lastKnownFileType = text.plist.xml; path = Info.plist; sourceTree = "<group>"; };
		EAB3F1D11B02790B00EAD742 /* TrikiTests.swift */ = {isa = PBXFileReference; lastKnownFileType = sourcecode.swift; path = TrikiTests.swift; sourceTree = "<group>"; };
/* End PBXFileReference section */

/* Begin PBXFrameworksBuildPhase section */
		EAB3F1B01B02790B00EAD742 /* Frameworks */ = {
			isa = PBXFrameworksBuildPhase;
			buildActionMask = 2147483647;
			files = (
			);
			runOnlyForDeploymentPostprocessing = 0;
		};
		EAB3F1C81B02790B00EAD742 /* Frameworks */ = {
			isa = PBXFrameworksBuildPhase;
			buildActionMask = 2147483647;
			files = (
			);
			runOnlyForDeploymentPostprocessing = 0;
		};
/* End PBXFrameworksBuildPhase section */

/* Begin PBXGroup section */
		EAB3F1AA1B02790B00EAD742 = {
			isa = PBXGroup;
			children = (
				EAB3F1B51B02790B00EAD742 /* Triki */,
				EAB3F1CE1B02790B00EAD742 /* TrikiTests */,
				EAB3F1B41B02790B00EAD742 /* Products */,
			);
			sourceTree = "<group>";
		};
		EAB3F1B41B02790B00EAD742 /* Products */ = {
			isa = PBXGroup;
			children = (
				EAB3F1B31B02790B00EAD742 /* Triki.app */,
				EAB3F1CB1B02790B00EAD742 /* TrikiTests.xctest */,
			);
			name = Products;
			sourceTree = "<group>";
		};
		EAB3F1B51B02790B00EAD742 /* Triki */ = {
			isa = PBXGroup;
			children = (
				EAB3F1B81B02790B00EAD742 /* AppDelegate.swift */,
				EAB3F1BD1B02790B00EAD742 /* ViewController.swift */,
				EAB3F1BF1B02790B00EAD742 /* Main.storyboard */,
				EAB3F1C21B02790B00EAD742 /* Images.xcassets */,
				EAB3F1C41B02790B00EAD742 /* LaunchScreen.xib */,
				EAB3F1BA1B02790B00EAD742 /* Triki.xcdatamodeld */,
				EAB3F1B61B02790B00EAD742 /* Supporting Files */,
			);
			path = Triki;
			sourceTree = "<group>";
		};
		EAB3F1B61B02790B00EAD742 /* Supporting Files */ = {
			isa = PBXGroup;
			children = (
				EAB3F1B71B02790B00EAD742 /* Info.plist */,
			);
			name = "Supporting Files";
			sourceTree = "<group>";
		};
		EAB3F1CE1B02790B00EAD742 /* TrikiTests */ = {
			isa = PBXGroup;
			children = (
				EAB3F1D11B02790B00EAD742 /* TrikiTests.swift */,
				EAB3F1CF1B02790B00EAD742 /* Supporting Files */,
			);
			path = TrikiTests;
			sourceTree = "<group>";
		};
		EAB3F1CF1B02790B00EAD742 /* Supporting Files */ = {
			isa = PBXGroup;
			children = (
				EAB3F1D01B02790B00EAD742 /* Info.plist */,
			);
			name = "Supporting Files";
			sourceTree = "<group>";
		};
/* End PBXGroup section */

/* Begin PBXNativeTarget section */
		EAB3F1B21B02790B00EAD742 /* Triki */ = {
			isa = PBXNativeTarget;
			buildConfigurationList = EAB3F1D51B02790B00EAD742 /* Build configuration list for PBXNativeTarget "Triki" */;
			buildPhases = (
				EAB3F1AF1B02790B00EAD742 /* Sources */,
				EAB3F1B01B02790B00EAD742 /* Frameworks */,
				EAB3F1B11B02790B00EAD742 /* Resources */,
			);
			buildRules = (
			);
			dependencies = (
			);
			name = Triki;
			productName = Triki;
			productReference = EAB3F1B31B02790B00EAD742 /* Triki.app */;
			productType = "com.apple.product-type.application";
		};
		EAB3F1CA1B02790B00EAD742 /* TrikiTests */ = {
			isa = PBXNativeTarget;
			buildConfigurationList = EAB3F1D81B02790B00EAD742 /* Build configuration list for PBXNativeTarget "TrikiTests" */;
			buildPhases = (
				EAB3F1C71B02790B00EAD742 /* Sources */,
				EAB3F1C81B02790B00EAD742 /* Frameworks */,
				EAB3F1C91B02790B00EAD742 /* Resources */,
			);
			buildRules = (
			);
			dependencies = (
				EAB3F1CD1B02790B00EAD742 /* PBXTargetDependency */,
			);
			name = TrikiTests;
			productName = TrikiTests;
			productReference = EAB3F1CB1B02790B00EAD742 /* TrikiTests.xctest */;
			productType = "com.apple.product-type.bundle.unit-test";
		};
/* End PBXNativeTarget section */

/* Begin PBXProject section */
		EAB3F1AB1B02790B00EAD742 /* Project object */ = {
			isa = PBXProject;
			attributes = {
				LastUpgradeCheck = 0630;
				ORGANIZATIONNAME = "Ramiro Andres";
				TargetAttributes = {
					EAB3F1B21B02790B00EAD742 = {
						CreatedOnToolsVersion = 6.3.1;
						DevelopmentTeam = BRMCS3BN67;
					};
					EAB3F1CA1B02790B00EAD742 = {
						CreatedOnToolsVersion = 6.3.1;
						TestTargetID = EAB3F1B21B02790B00EAD742;
					};
				};
			};
			buildConfigurationList = EAB3F1AE1B02790B00EAD742 /* Build configuration list for PBXProject "Triki" */;
			compatibilityVersion = "Xcode 3.2";
			developmentRegion = English;
			hasScannedForEncodings = 0;
			knownRegions = (
				en,
				Base,
			);
			mainGroup = EAB3F1AA1B02790B00EAD742;
			productRefGroup = EAB3F1B41B02790B00EAD742 /* Products */;
			projectDirPath = "";
			projectRoot = "";
			targets = (
				EAB3F1B21B02790B00EAD742 /* Triki */,
				EAB3F1CA1B02790B00EAD742 /* TrikiTests */,
			);
		};
/* End PBXProject section */

/* Begin PBXResourcesBuildPhase section */
		EAB3F1B11B02790B00EAD742 /* Resources */ = {
			isa = PBXResourcesBuildPhase;
			buildActionMask = 2147483647;
			files = (
				EAB3F1C11B02790B00EAD742 /* Main.storyboard in Resources */,
				EAB3F1C61B02790B00EAD742 /* LaunchScreen.xib in Resources */,
				EAB3F1C31B02790B00EAD742 /* Images.xcassets in Resources */,
			);
			runOnlyForDeploymentPostprocessing = 0;
		};
		EAB3F1C91B02790B00EAD742 /* Resources */ = {
			isa = PBXResourcesBuildPhase;
			buildActionMask = 2147483647;
			files = (
			);
			runOnlyForDeploymentPostprocessing = 0;
		};
/* End PBXResourcesBuildPhase section */

/* Begin PBXSourcesBuildPhase section */
		EAB3F1AF1B02790B00EAD742 /* Sources */ = {
			isa = PBXSourcesBuildPhase;
			buildActionMask = 2147483647;
			files = (
				EAB3F1BE1B02790B00EAD742 /* ViewController.swift in Sources */,
				EAB3F1B91B02790B00EAD742 /* AppDelegate.swift in Sources */,
				EAB3F1BC1B02790B00EAD742 /* Triki.xcdatamodeld in Sources */,
			);
			runOnlyForDeploymentPostprocessing = 0;
		};
		EAB3F1C71B02790B00EAD742 /* Sources */ = {
			isa = PBXSourcesBuildPhase;
			buildActionMask = 2147483647;
			files = (
				EAB3F1D21B02790B00EAD742 /* TrikiTests.swift in Sources */,
			);
			runOnlyForDeploymentPostprocessing = 0;
		};
/* End PBXSourcesBuildPhase section */

/* Begin PBXTargetDependency section */
		EAB3F1CD1B02790B00EAD742 /* PBXTargetDependency */ = {
			isa = PBXTargetDependency;
			target = EAB3F1B21B02790B00EAD742 /* Triki */;
			targetProxy = EAB3F1CC1B02790B00EAD742 /* PBXContainerItemProxy */;
		};
/* End PBXTargetDependency section */

/* Begin PBXVariantGroup section */
		EAB3F1BF1B02790B00EAD742 /* Main.storyboard */ = {
			isa = PBXVariantGroup;
			children = (
				EAB3F1C01B02790B00EAD742 /* Base */,
			);
			name = Main.storyboard;
			sourceTree = "<group>";
		};
		EAB3F1C41B02790B00EAD742 /* LaunchScreen.xib */ = {
			isa = PBXVariantGroup;
			children = (
				EAB3F1C51B02790B00EAD742 /* Base */,
			);
			name = LaunchScreen.xib;
			sourceTree = "<group>";
		};
/* End PBXVariantGroup section */

/* Begin XCBuildConfiguration section */
		EAB3F1D31B02790B00EAD742 /* Debug */ = {
			isa = XCBuildConfiguration;
			buildSettings = {
				ALWAYS_SEARCH_USER_PATHS = NO;
				CLANG_CXX_LANGUAGE_STANDARD = "gnu++0x";
				CLANG_CXX_LIBRARY = "libc++";
				CLANG_ENABLE_MODULES = YES;
				CLANG_ENABLE_OBJC_ARC = YES;
				CLANG_WARN_BOOL_CONVERSION = YES;
				CLANG_WARN_CONSTANT_CONVERSION = YES;
				CLANG_WARN_DIRECT_OBJC_ISA_USAGE = YES_ERROR;
				CLANG_WARN_EMPTY_BODY = YES;
				CLANG_WARN_ENUM_CONVERSION = YES;
				CLANG_WARN_INT_CONVERSION = YES;
				CLANG_WARN_OBJC_ROOT_CLASS = YES_ERROR;
				CLANG_WARN_UNREACHABLE_CODE = YES;
				CLANG_WARN__DUPLICATE_METHOD_MATCH = YES;
				"CODE_SIGN_IDENTITY[sdk=iphoneos*]" = "iPhone Developer";
				COPY_PHASE_STRIP = NO;
				DEBUG_INFORMATION_FORMAT = "dwarf-with-dsym";
				ENABLE_STRICT_OBJC_MSGSEND = YES;
				GCC_C_LANGUAGE_STANDARD = gnu99;
				GCC_DYNAMIC_NO_PIC = NO;
				GCC_NO_COMMON_BLOCKS = YES;
				GCC_OPTIMIZATION_LEVEL = 0;
				GCC_PREPROCESSOR_DEFINITIONS = (
					"DEBUG=1",
					"$(inherited)",
				);
				GCC_SYMBOLS_PRIVATE_EXTERN = NO;
				GCC_WARN_64_TO_32_BIT_CONVERSION = YES;
				GCC_WARN_ABOUT_RETURN_TYPE = YES_ERROR;
				GCC_WARN_UNDECLARED_SELECTOR = YES;
				GCC_WARN_UNINITIALIZED_AUTOS = YES_AGGRESSIVE;
				GCC_WARN_UNUSED_FUNCTION = YES;
				GCC_WARN_UNUSED_VARIABLE = YES;
				IPHONEOS_DEPLOYMENT_TARGET = 8.3;
				MTL_ENABLE_DEBUG_INFO = YES;
				ONLY_ACTIVE_ARCH = YES;
				SDKROOT = iphoneos;
				SWIFT_OPTIMIZATION_LEVEL = "-Onone";
			};
			name = Debug;
		};
		EAB3F1D41B02790B00EAD742 /* Release */ = {
			isa = XCBuildConfiguration;
			buildSettings = {
				ALWAYS_SEARCH_USER_PATHS = NO;
				CLANG_CXX_LANGUAGE_STANDARD = "gnu++0x";
				CLANG_CXX_LIBRARY = "libc++";
				CLANG_ENABLE_MODULES = YES;
				CLANG_ENABLE_OBJC_ARC = YES;
				CLANG_WARN_BOOL_CONVERSION = YES;
				CLANG_WARN_CONSTANT_CONVERSION = YES;
				CLANG_WARN_DIRECT_OBJC_ISA_USAGE = YES_ERROR;
				CLANG_WARN_EMPTY_BODY = YES;
				CLANG_WARN_ENUM_CONVERSION = YES;
				CLANG_WARN_INT_CONVERSION = YES;
				CLANG_WARN_OBJC_ROOT_CLASS = YES_ERROR;
				CLANG_WARN_UNREACHABLE_CODE = YES;
				CLANG_WARN__DUPLICATE_METHOD_MATCH = YES;
				"CODE_SIGN_IDENTITY[sdk=iphoneos*]" = "iPhone Developer";
				COPY_PHASE_STRIP = NO;
				DEBUG_INFORMATION_FORMAT = "dwarf-with-dsym";
				ENABLE_NS_ASSERTIONS = NO;
				ENABLE_STRICT_OBJC_MSGSEND = YES;
				GCC_C_LANGUAGE_STANDARD = gnu99;
				GCC_NO_COMMON_BLOCKS = YES;
				GCC_WARN_64_TO_32_BIT_CONVERSION = YES;
				GCC_WARN_ABOUT_RETURN_TYPE = YES_ERROR;
				GCC_WARN_UNDECLARED_SELECTOR = YES;
				GCC_WARN_UNINITIALIZED_AUTOS = YES_AGGRESSIVE;
				GCC_WARN_UNUSED_FUNCTION = YES;
				GCC_WARN_UNUSED_VARIABLE = YES;
				IPHONEOS_DEPLOYMENT_TARGET = 8.3;
				MTL_ENABLE_DEBUG_INFO = NO;
				SDKROOT = iphoneos;
				VALIDATE_PRODUCT = YES;
			};
			name = Release;
		};
		EAB3F1D61B02790B00EAD742 /* Debug */ = {
			isa = XCBuildConfiguration;
			buildSettings = {
				ASSETCATALOG_COMPILER_APPICON_NAME = AppIcon;
				CODE_SIGN_IDENTITY = "iPhone Developer";
				INFOPLIST_FILE = Triki/Info.plist;
				IPHONEOS_DEPLOYMENT_TARGET = 8.3;
				LD_RUNPATH_SEARCH_PATHS = "$(inherited) @executable_path/Frameworks";
				PRODUCT_NAME = "$(TARGET_NAME)";
				TARGETED_DEVICE_FAMILY = "1,2";
			};
			name = Debug;
		};
		EAB3F1D71B02790B00EAD742 /* Release */ = {
			isa = XCBuildConfiguration;
			buildSettings = {
				ASSETCATALOG_COMPILER_APPICON_NAME = AppIcon;
				CODE_SIGN_IDENTITY = "iPhone Developer";
				INFOPLIST_FILE = Triki/Info.plist;
				IPHONEOS_DEPLOYMENT_TARGET = 8.3;
				LD_RUNPATH_SEARCH_PATHS = "$(inherited) @executable_path/Frameworks";
				PRODUCT_NAME = "$(TARGET_NAME)";
				TARGETED_DEVICE_FAMILY = "1,2";
			};
			name = Release;
		};
		EAB3F1D91B02790B00EAD742 /* Debug */ = {
			isa = XCBuildConfiguration;
			buildSettings = {
				BUNDLE_LOADER = "$(TEST_HOST)";
				FRAMEWORK_SEARCH_PATHS = (
					"$(SDKROOT)/Developer/Library/Frameworks",
					"$(inherited)",
				);
				GCC_PREPROCESSOR_DEFINITIONS = (
					"DEBUG=1",
					"$(inherited)",
				);
				INFOPLIST_FILE = TrikiTests/Info.plist;
				LD_RUNPATH_SEARCH_PATHS = "$(inherited) @executable_path/Frameworks @loader_path/Frameworks";
				PRODUCT_NAME = "$(TARGET_NAME)";
				TEST_HOST = "$(BUILT_PRODUCTS_DIR)/Triki.app/Triki";
			};
			name = Debug;
		};
		EAB3F1DA1B02790B00EAD742 /* Release */ = {
			isa = XCBuildConfiguration;
			buildSettings = {
				BUNDLE_LOADER = "$(TEST_HOST)";
				FRAMEWORK_SEARCH_PATHS = (
					"$(SDKROOT)/Developer/Library/Frameworks",
					"$(inherited)",
				);
				INFOPLIST_FILE = TrikiTests/Info.plist;
				LD_RUNPATH_SEARCH_PATHS = "$(inherited) @executable_path/Frameworks @loader_path/Frameworks";
				PRODUCT_NAME = "$(TARGET_NAME)";
				TEST_HOST = "$(BUILT_PRODUCTS_DIR)/Triki.app/Triki";
			};
			name = Release;
		};
/* End XCBuildConfiguration section */

/* Begin XCConfigurationList section */
		EAB3F1AE1B02790B00EAD742 /* Build configuration list for PBXProject "Triki" */ = {
			isa = XCConfigurationList;
			buildConfigurations = (
				EAB3F1D31B02790B00EAD742 /* Debug */,
				EAB3F1D41B02790B00EAD742 /* Release */,
			);
			defaultConfigurationIsVisible = 0;
			defaultConfigurationName = Release;
		};
		EAB3F1D51B02790B00EAD742 /* Build configuration list for PBXNativeTarget "Triki" */ = {
			isa = XCConfigurationList;
			buildConfigurations = (
				EAB3F1D61B02790B00EAD742 /* Debug */,
				EAB3F1D71B02790B00EAD742 /* Release */,
			);
			defaultConfigurationIsVisible = 0;
			defaultConfigurationName = Release;
		};
		EAB3F1D81B02790B00EAD742 /* Build configuration list for PBXNativeTarget "TrikiTests" */ = {
			isa = XCConfigurationList;
			buildConfigurations = (
				EAB3F1D91B02790B00EAD742 /* Debug */,
				EAB3F1DA1B02790B00EAD742 /* Release */,
			);
			defaultConfigurationIsVisible = 0;
			defaultConfigurationName = Release;
		};
/* End XCConfigurationList section */

/* Begin XCVersionGroup section */
		EAB3F1BA1B02790B00EAD742 /* Triki.xcdatamodeld */ = {
			isa = XCVersionGroup;
			children = (
				EAB3F1BB1B02790B00EAD742 /* Triki.xcdatamodel */,
			);
			currentVersion = EAB3F1BB1B02790B00EAD742 /* Triki.xcdatamodel */;
			path = Triki.xcdatamodeld;
			sourceTree = "<group>";
			versionGroupType = wrapper.xcdatamodel;
		};
/* End XCVersionGroup section */
	};
	rootObject = EAB3F1AB1B02790B00EAD742 /* Project object */;
}
