// !$*UTF8*$!
{
	archiveVersion = 1;
	classes = {
	};
	objectVersion = 46;
	objects = {

/* Begin PBXBuildFile section */
		EAF04D001AD604E10080BC56 /* AppDelegate.swift in Sources */ = {isa = PBXBuildFile; fileRef = EAF04CFF1AD604E10080BC56 /* AppDelegate.swift */; };
		EAF04D031AD604E10080BC56 /* Permanent_Sotare.xcdatamodeld in Sources */ = {isa = PBXBuildFile; fileRef = EAF04D011AD604E10080BC56 /* Permanent_Sotare.xcdatamodeld */; };
		EAF04D051AD604E10080BC56 /* ViewController.swift in Sources */ = {isa = PBXBuildFile; fileRef = EAF04D041AD604E10080BC56 /* ViewController.swift */; };
		EAF04D081AD604E10080BC56 /* Main.storyboard in Resources */ = {isa = PBXBuildFile; fileRef = EAF04D061AD604E10080BC56 /* Main.storyboard */; };
		EAF04D0A1AD604E10080BC56 /* Images.xcassets in Resources */ = {isa = PBXBuildFile; fileRef = EAF04D091AD604E10080BC56 /* Images.xcassets */; };
		EAF04D0D1AD604E10080BC56 /* LaunchScreen.xib in Resources */ = {isa = PBXBuildFile; fileRef = EAF04D0B1AD604E10080BC56 /* LaunchScreen.xib */; };
		EAF04D191AD604E10080BC56 /* Permanent_SotareTests.swift in Sources */ = {isa = PBXBuildFile; fileRef = EAF04D181AD604E10080BC56 /* Permanent_SotareTests.swift */; };
/* End PBXBuildFile section */

/* Begin PBXContainerItemProxy section */
		EAF04D131AD604E10080BC56 /* PBXContainerItemProxy */ = {
			isa = PBXContainerItemProxy;
			containerPortal = EAF04CF21AD604E10080BC56 /* Project object */;
			proxyType = 1;
			remoteGlobalIDString = EAF04CF91AD604E10080BC56;
			remoteInfo = "Permanent Sotare";
		};
/* End PBXContainerItemProxy section */

/* Begin PBXFileReference section */
		EAF04CFA1AD604E10080BC56 /* Permanent Sotare.app */ = {isa = PBXFileReference; explicitFileType = wrapper.application; includeInIndex = 0; path = "Permanent Sotare.app"; sourceTree = BUILT_PRODUCTS_DIR; };
		EAF04CFE1AD604E10080BC56 /* Info.plist */ = {isa = PBXFileReference; lastKnownFileType = text.plist.xml; path = Info.plist; sourceTree = "<group>"; };
		EAF04CFF1AD604E10080BC56 /* AppDelegate.swift */ = {isa = PBXFileReference; lastKnownFileType = sourcecode.swift; path = AppDelegate.swift; sourceTree = "<group>"; };
		EAF04D021AD604E10080BC56 /* Permanent_Sotare.xcdatamodel */ = {isa = PBXFileReference; lastKnownFileType = wrapper.xcdatamodel; path = Permanent_Sotare.xcdatamodel; sourceTree = "<group>"; };
		EAF04D041AD604E10080BC56 /* ViewController.swift */ = {isa = PBXFileReference; lastKnownFileType = sourcecode.swift; path = ViewController.swift; sourceTree = "<group>"; };
		EAF04D071AD604E10080BC56 /* Base */ = {isa = PBXFileReference; lastKnownFileType = file.storyboard; name = Base; path = Base.lproj/Main.storyboard; sourceTree = "<group>"; };
		EAF04D091AD604E10080BC56 /* Images.xcassets */ = {isa = PBXFileReference; lastKnownFileType = folder.assetcatalog; path = Images.xcassets; sourceTree = "<group>"; };
		EAF04D0C1AD604E10080BC56 /* Base */ = {isa = PBXFileReference; lastKnownFileType = file.xib; name = Base; path = Base.lproj/LaunchScreen.xib; sourceTree = "<group>"; };
		EAF04D121AD604E10080BC56 /* Permanent SotareTests.xctest */ = {isa = PBXFileReference; explicitFileType = wrapper.cfbundle; includeInIndex = 0; path = "Permanent SotareTests.xctest"; sourceTree = BUILT_PRODUCTS_DIR; };
		EAF04D171AD604E10080BC56 /* Info.plist */ = {isa = PBXFileReference; lastKnownFileType = text.plist.xml; path = Info.plist; sourceTree = "<group>"; };
		EAF04D181AD604E10080BC56 /* Permanent_SotareTests.swift */ = {isa = PBXFileReference; lastKnownFileType = sourcecode.swift; path = Permanent_SotareTests.swift; sourceTree = "<group>"; };
/* End PBXFileReference section */

/* Begin PBXFrameworksBuildPhase section */
		EAF04CF71AD604E10080BC56 /* Frameworks */ = {
			isa = PBXFrameworksBuildPhase;
			buildActionMask = 2147483647;
			files = (
			);
			runOnlyForDeploymentPostprocessing = 0;
		};
		EAF04D0F1AD604E10080BC56 /* Frameworks */ = {
			isa = PBXFrameworksBuildPhase;
			buildActionMask = 2147483647;
			files = (
			);
			runOnlyForDeploymentPostprocessing = 0;
		};
/* End PBXFrameworksBuildPhase section */

/* Begin PBXGroup section */
		EAF04CF11AD604E10080BC56 = {
			isa = PBXGroup;
			children = (
				EAF04CFC1AD604E10080BC56 /* Permanent Sotare */,
				EAF04D151AD604E10080BC56 /* Permanent SotareTests */,
				EAF04CFB1AD604E10080BC56 /* Products */,
			);
			sourceTree = "<group>";
		};
		EAF04CFB1AD604E10080BC56 /* Products */ = {
			isa = PBXGroup;
			children = (
				EAF04CFA1AD604E10080BC56 /* Permanent Sotare.app */,
				EAF04D121AD604E10080BC56 /* Permanent SotareTests.xctest */,
			);
			name = Products;
			sourceTree = "<group>";
		};
		EAF04CFC1AD604E10080BC56 /* Permanent Sotare */ = {
			isa = PBXGroup;
			children = (
				EAF04CFF1AD604E10080BC56 /* AppDelegate.swift */,
				EAF04D041AD604E10080BC56 /* ViewController.swift */,
				EAF04D061AD604E10080BC56 /* Main.storyboard */,
				EAF04D091AD604E10080BC56 /* Images.xcassets */,
				EAF04D0B1AD604E10080BC56 /* LaunchScreen.xib */,
				EAF04D011AD604E10080BC56 /* Permanent_Sotare.xcdatamodeld */,
				EAF04CFD1AD604E10080BC56 /* Supporting Files */,
			);
			path = "Permanent Sotare";
			sourceTree = "<group>";
		};
		EAF04CFD1AD604E10080BC56 /* Supporting Files */ = {
			isa = PBXGroup;
			children = (
				EAF04CFE1AD604E10080BC56 /* Info.plist */,
			);
			name = "Supporting Files";
			sourceTree = "<group>";
		};
		EAF04D151AD604E10080BC56 /* Permanent SotareTests */ = {
			isa = PBXGroup;
			children = (
				EAF04D181AD604E10080BC56 /* Permanent_SotareTests.swift */,
				EAF04D161AD604E10080BC56 /* Supporting Files */,
			);
			path = "Permanent SotareTests";
			sourceTree = "<group>";
		};
		EAF04D161AD604E10080BC56 /* Supporting Files */ = {
			isa = PBXGroup;
			children = (
				EAF04D171AD604E10080BC56 /* Info.plist */,
			);
			name = "Supporting Files";
			sourceTree = "<group>";
		};
/* End PBXGroup section */

/* Begin PBXNativeTarget section */
		EAF04CF91AD604E10080BC56 /* Permanent Sotare */ = {
			isa = PBXNativeTarget;
			buildConfigurationList = EAF04D1C1AD604E10080BC56 /* Build configuration list for PBXNativeTarget "Permanent Sotare" */;
			buildPhases = (
				EAF04CF61AD604E10080BC56 /* Sources */,
				EAF04CF71AD604E10080BC56 /* Frameworks */,
				EAF04CF81AD604E10080BC56 /* Resources */,
			);
			buildRules = (
			);
			dependencies = (
			);
			name = "Permanent Sotare";
			productName = "Permanent Sotare";
			productReference = EAF04CFA1AD604E10080BC56 /* Permanent Sotare.app */;
			productType = "com.apple.product-type.application";
		};
		EAF04D111AD604E10080BC56 /* Permanent SotareTests */ = {
			isa = PBXNativeTarget;
			buildConfigurationList = EAF04D1F1AD604E10080BC56 /* Build configuration list for PBXNativeTarget "Permanent SotareTests" */;
			buildPhases = (
				EAF04D0E1AD604E10080BC56 /* Sources */,
				EAF04D0F1AD604E10080BC56 /* Frameworks */,
				EAF04D101AD604E10080BC56 /* Resources */,
			);
			buildRules = (
			);
			dependencies = (
				EAF04D141AD604E10080BC56 /* PBXTargetDependency */,
			);
			name = "Permanent SotareTests";
			productName = "Permanent SotareTests";
			productReference = EAF04D121AD604E10080BC56 /* Permanent SotareTests.xctest */;
			productType = "com.apple.product-type.bundle.unit-test";
		};
/* End PBXNativeTarget section */

/* Begin PBXProject section */
		EAF04CF21AD604E10080BC56 /* Project object */ = {
			isa = PBXProject;
			attributes = {
				LastUpgradeCheck = 0620;
				ORGANIZATIONNAME = "Ramiro Andres";
				TargetAttributes = {
					EAF04CF91AD604E10080BC56 = {
						CreatedOnToolsVersion = 6.2;
					};
					EAF04D111AD604E10080BC56 = {
						CreatedOnToolsVersion = 6.2;
						TestTargetID = EAF04CF91AD604E10080BC56;
					};
				};
			};
			buildConfigurationList = EAF04CF51AD604E10080BC56 /* Build configuration list for PBXProject "Permanent Sotare" */;
			compatibilityVersion = "Xcode 3.2";
			developmentRegion = English;
			hasScannedForEncodings = 0;
			knownRegions = (
				en,
				Base,
			);
			mainGroup = EAF04CF11AD604E10080BC56;
			productRefGroup = EAF04CFB1AD604E10080BC56 /* Products */;
			projectDirPath = "";
			projectRoot = "";
			targets = (
				EAF04CF91AD604E10080BC56 /* Permanent Sotare */,
				EAF04D111AD604E10080BC56 /* Permanent SotareTests */,
			);
		};
/* End PBXProject section */

/* Begin PBXResourcesBuildPhase section */
		EAF04CF81AD604E10080BC56 /* Resources */ = {
			isa = PBXResourcesBuildPhase;
			buildActionMask = 2147483647;
			files = (
				EAF04D081AD604E10080BC56 /* Main.storyboard in Resources */,
				EAF04D0D1AD604E10080BC56 /* LaunchScreen.xib in Resources */,
				EAF04D0A1AD604E10080BC56 /* Images.xcassets in Resources */,
			);
			runOnlyForDeploymentPostprocessing = 0;
		};
		EAF04D101AD604E10080BC56 /* Resources */ = {
			isa = PBXResourcesBuildPhase;
			buildActionMask = 2147483647;
			files = (
			);
			runOnlyForDeploymentPostprocessing = 0;
		};
/* End PBXResourcesBuildPhase section */

/* Begin PBXSourcesBuildPhase section */
		EAF04CF61AD604E10080BC56 /* Sources */ = {
			isa = PBXSourcesBuildPhase;
			buildActionMask = 2147483647;
			files = (
				EAF04D051AD604E10080BC56 /* ViewController.swift in Sources */,
				EAF04D031AD604E10080BC56 /* Permanent_Sotare.xcdatamodeld in Sources */,
				EAF04D001AD604E10080BC56 /* AppDelegate.swift in Sources */,
			);
			runOnlyForDeploymentPostprocessing = 0;
		};
		EAF04D0E1AD604E10080BC56 /* Sources */ = {
			isa = PBXSourcesBuildPhase;
			buildActionMask = 2147483647;
			files = (
				EAF04D191AD604E10080BC56 /* Permanent_SotareTests.swift in Sources */,
			);
			runOnlyForDeploymentPostprocessing = 0;
		};
/* End PBXSourcesBuildPhase section */

/* Begin PBXTargetDependency section */
		EAF04D141AD604E10080BC56 /* PBXTargetDependency */ = {
			isa = PBXTargetDependency;
			target = EAF04CF91AD604E10080BC56 /* Permanent Sotare */;
			targetProxy = EAF04D131AD604E10080BC56 /* PBXContainerItemProxy */;
		};
/* End PBXTargetDependency section */

/* Begin PBXVariantGroup section */
		EAF04D061AD604E10080BC56 /* Main.storyboard */ = {
			isa = PBXVariantGroup;
			children = (
				EAF04D071AD604E10080BC56 /* Base */,
			);
			name = Main.storyboard;
			sourceTree = "<group>";
		};
		EAF04D0B1AD604E10080BC56 /* LaunchScreen.xib */ = {
			isa = PBXVariantGroup;
			children = (
				EAF04D0C1AD604E10080BC56 /* Base */,
			);
			name = LaunchScreen.xib;
			sourceTree = "<group>";
		};
/* End PBXVariantGroup section */

/* Begin XCBuildConfiguration section */
		EAF04D1A1AD604E10080BC56 /* Debug */ = {
			isa = XCBuildConfiguration;
			buildSettings = {
				ALWAYS_SEARCH_USER_PATHS = NO;
				CLANG_CXX_LANGUAGE_STANDARD = "gnu++0x";
				CLANG_CXX_LIBRARY = "libc++";
				CLANG_ENABLE_MODULES = YES;
				CLANG_ENABLE_OBJC_ARC = YES;
				CLANG_WARN_BOOL_CONVERSION = YES;
				CLANG_WARN_CONSTANT_CONVERSION = YES;
				CLANG_WARN_DIRECT_OBJC_ISA_USAGE = YES_ERROR;
				CLANG_WARN_EMPTY_BODY = YES;
				CLANG_WARN_ENUM_CONVERSION = YES;
				CLANG_WARN_INT_CONVERSION = YES;
				CLANG_WARN_OBJC_ROOT_CLASS = YES_ERROR;
				CLANG_WARN_UNREACHABLE_CODE = YES;
				CLANG_WARN__DUPLICATE_METHOD_MATCH = YES;
				"CODE_SIGN_IDENTITY[sdk=iphoneos*]" = "iPhone Developer";
				COPY_PHASE_STRIP = NO;
				ENABLE_STRICT_OBJC_MSGSEND = YES;
				GCC_C_LANGUAGE_STANDARD = gnu99;
				GCC_DYNAMIC_NO_PIC = NO;
				GCC_OPTIMIZATION_LEVEL = 0;
				GCC_PREPROCESSOR_DEFINITIONS = (
					"DEBUG=1",
					"$(inherited)",
				);
				GCC_SYMBOLS_PRIVATE_EXTERN = NO;
				GCC_WARN_64_TO_32_BIT_CONVERSION = YES;
				GCC_WARN_ABOUT_RETURN_TYPE = YES_ERROR;
				GCC_WARN_UNDECLARED_SELECTOR = YES;
				GCC_WARN_UNINITIALIZED_AUTOS = YES_AGGRESSIVE;
				GCC_WARN_UNUSED_FUNCTION = YES;
				GCC_WARN_UNUSED_VARIABLE = YES;
				IPHONEOS_DEPLOYMENT_TARGET = 8.2;
				MTL_ENABLE_DEBUG_INFO = YES;
				ONLY_ACTIVE_ARCH = YES;
				SDKROOT = iphoneos;
				SWIFT_OPTIMIZATION_LEVEL = "-Onone";
			};
			name = Debug;
		};
		EAF04D1B1AD604E10080BC56 /* Release */ = {
			isa = XCBuildConfiguration;
			buildSettings = {
				ALWAYS_SEARCH_USER_PATHS = NO;
				CLANG_CXX_LANGUAGE_STANDARD = "gnu++0x";
				CLANG_CXX_LIBRARY = "libc++";
				CLANG_ENABLE_MODULES = YES;
				CLANG_ENABLE_OBJC_ARC = YES;
				CLANG_WARN_BOOL_CONVERSION = YES;
				CLANG_WARN_CONSTANT_CONVERSION = YES;
				CLANG_WARN_DIRECT_OBJC_ISA_USAGE = YES_ERROR;
				CLANG_WARN_EMPTY_BODY = YES;
				CLANG_WARN_ENUM_CONVERSION = YES;
				CLANG_WARN_INT_CONVERSION = YES;
				CLANG_WARN_OBJC_ROOT_CLASS = YES_ERROR;
				CLANG_WARN_UNREACHABLE_CODE = YES;
				CLANG_WARN__DUPLICATE_METHOD_MATCH = YES;
				"CODE_SIGN_IDENTITY[sdk=iphoneos*]" = "iPhone Developer";
				COPY_PHASE_STRIP = NO;
				ENABLE_NS_ASSERTIONS = NO;
				ENABLE_STRICT_OBJC_MSGSEND = YES;
				GCC_C_LANGUAGE_STANDARD = gnu99;
				GCC_WARN_64_TO_32_BIT_CONVERSION = YES;
				GCC_WARN_ABOUT_RETURN_TYPE = YES_ERROR;
				GCC_WARN_UNDECLARED_SELECTOR = YES;
				GCC_WARN_UNINITIALIZED_AUTOS = YES_AGGRESSIVE;
				GCC_WARN_UNUSED_FUNCTION = YES;
				GCC_WARN_UNUSED_VARIABLE = YES;
				IPHONEOS_DEPLOYMENT_TARGET = 8.2;
				MTL_ENABLE_DEBUG_INFO = NO;
				SDKROOT = iphoneos;
				VALIDATE_PRODUCT = YES;
			};
			name = Release;
		};
		EAF04D1D1AD604E10080BC56 /* Debug */ = {
			isa = XCBuildConfiguration;
			buildSettings = {
				ASSETCATALOG_COMPILER_APPICON_NAME = AppIcon;
				INFOPLIST_FILE = "Permanent Sotare/Info.plist";
				LD_RUNPATH_SEARCH_PATHS = "$(inherited) @executable_path/Frameworks";
				PRODUCT_NAME = "$(TARGET_NAME)";
			};
			name = Debug;
		};
		EAF04D1E1AD604E10080BC56 /* Release */ = {
			isa = XCBuildConfiguration;
			buildSettings = {
				ASSETCATALOG_COMPILER_APPICON_NAME = AppIcon;
				INFOPLIST_FILE = "Permanent Sotare/Info.plist";
				LD_RUNPATH_SEARCH_PATHS = "$(inherited) @executable_path/Frameworks";
				PRODUCT_NAME = "$(TARGET_NAME)";
			};
			name = Release;
		};
		EAF04D201AD604E10080BC56 /* Debug */ = {
			isa = XCBuildConfiguration;
			buildSettings = {
				BUNDLE_LOADER = "$(TEST_HOST)";
				FRAMEWORK_SEARCH_PATHS = (
					"$(SDKROOT)/Developer/Library/Frameworks",
					"$(inherited)",
				);
				GCC_PREPROCESSOR_DEFINITIONS = (
					"DEBUG=1",
					"$(inherited)",
				);
				INFOPLIST_FILE = "Permanent SotareTests/Info.plist";
				LD_RUNPATH_SEARCH_PATHS = "$(inherited) @executable_path/Frameworks @loader_path/Frameworks";
				PRODUCT_NAME = "$(TARGET_NAME)";
				TEST_HOST = "$(BUILT_PRODUCTS_DIR)/Permanent Sotare.app/Permanent Sotare";
			};
			name = Debug;
		};
		EAF04D211AD604E10080BC56 /* Release */ = {
			isa = XCBuildConfiguration;
			buildSettings = {
				BUNDLE_LOADER = "$(TEST_HOST)";
				FRAMEWORK_SEARCH_PATHS = (
					"$(SDKROOT)/Developer/Library/Frameworks",
					"$(inherited)",
				);
				INFOPLIST_FILE = "Permanent SotareTests/Info.plist";
				LD_RUNPATH_SEARCH_PATHS = "$(inherited) @executable_path/Frameworks @loader_path/Frameworks";
				PRODUCT_NAME = "$(TARGET_NAME)";
				TEST_HOST = "$(BUILT_PRODUCTS_DIR)/Permanent Sotare.app/Permanent Sotare";
			};
			name = Release;
		};
/* End XCBuildConfiguration section */

/* Begin XCConfigurationList section */
		EAF04CF51AD604E10080BC56 /* Build configuration list for PBXProject "Permanent Sotare" */ = {
			isa = XCConfigurationList;
			buildConfigurations = (
				EAF04D1A1AD604E10080BC56 /* Debug */,
				EAF04D1B1AD604E10080BC56 /* Release */,
			);
			defaultConfigurationIsVisible = 0;
			defaultConfigurationName = Release;
		};
		EAF04D1C1AD604E10080BC56 /* Build configuration list for PBXNativeTarget "Permanent Sotare" */ = {
			isa = XCConfigurationList;
			buildConfigurations = (
				EAF04D1D1AD604E10080BC56 /* Debug */,
				EAF04D1E1AD604E10080BC56 /* Release */,
			);
			defaultConfigurationIsVisible = 0;
		};
		EAF04D1F1AD604E10080BC56 /* Build configuration list for PBXNativeTarget "Permanent SotareTests" */ = {
			isa = XCConfigurationList;
			buildConfigurations = (
				EAF04D201AD604E10080BC56 /* Debug */,
				EAF04D211AD604E10080BC56 /* Release */,
			);
			defaultConfigurationIsVisible = 0;
		};
/* End XCConfigurationList section */

/* Begin XCVersionGroup section */
		EAF04D011AD604E10080BC56 /* Permanent_Sotare.xcdatamodeld */ = {
			isa = XCVersionGroup;
			children = (
				EAF04D021AD604E10080BC56 /* Permanent_Sotare.xcdatamodel */,
			);
			currentVersion = EAF04D021AD604E10080BC56 /* Permanent_Sotare.xcdatamodel */;
			path = Permanent_Sotare.xcdatamodeld;
			sourceTree = "<group>";
			versionGroupType = wrapper.xcdatamodel;
		};
/* End XCVersionGroup section */
	};
	rootObject = EAF04CF21AD604E10080BC56 /* Project object */;
}
